
Microsoft Visual Studio Solution File, Format Version 12.00
# Visual Studio 2012
Project("{FAE04EC0-301F-11D3-BF4B-00C04F79EFBC}") = "watch_dog_manager.mvc", "watch_dog_manager.mvc\watch_dog_manager.mvc.csproj", "{A6AFD828-79C9-4023-A9D0-3C53F1C2F4AB}"
EndProject
Global
	GlobalSection(SolutionConfigurationPlatforms) = preSolution
		Debug|Any CPU = Debug|Any CPU
		Release|Any CPU = Release|Any CPU
	EndGlobalSection
	GlobalSection(ProjectConfigurationPlatforms) = postSolution
		{A6AFD828-79C9-4023-A9D0-3C53F1C2F4AB}.Debug|Any CPU.ActiveCfg = Debug|Any CPU
		{A6AFD828-79C9-4023-A9D0-3C53F1C2F4AB}.Debug|Any CPU.Build.0 = Debug|Any CPU
		{A6AFD828-79C9-4023-A9D0-3C53F1C2F4AB}.Release|Any CPU.ActiveCfg = Release|Any CPU
		{A6AFD828-79C9-4023-A9D0-3C53F1C2F4AB}.Release|Any CPU.Build.0 = Release|Any CPU
	EndGlobalSection
EndGlobal
