
Microsoft Visual Studio Solution File, Format Version 12.00
# Visual Studio Version 16
VisualStudioVersion = 16.0.29326.143
MinimumVisualStudioVersion = 10.0.40219.1
Project("{9A19103F-16F7-4668-BE54-9A1E7A4F7556}") = "watchdogplatform.core", "watchdogplatform.core\watchdogplatform.core.csproj", "{1CF63606-C751-4F0F-AF13-5B55E9C508CD}"
EndProject
Project("{9A19103F-16F7-4668-BE54-9A1E7A4F7556}") = "watchdogplatform.functions", "watchdogplatform.functions\watchdogplatform.functions.csproj", "{BD1AF2A3-F553-4460-8CBE-5CD7D57D35DB}"
EndProject
Project("{2150E333-8FDC-42A3-9474-1A3956D46DE8}") = "Tests (Unit)", "Tests (Unit)", "{9C035D89-75E6-42BD-A1E5-09EF23993767}"
EndProject
Project("{FAE04EC0-301F-11D3-BF4B-00C04F79EFBC}") = "watchdogplatform.functions.tests", "watchdogplatform.functions.tests\watchdogplatform.functions.tests.csproj", "{5F23B0D6-F2FD-47F5-B52D-5D533C5AE666}"
EndProject
Project("{FAE04EC0-301F-11D3-BF4B-00C04F79EFBC}") = "watchdogplatform.entityframework", "watchdogplatform.entityframework\watchdogplatform.entityframework.csproj", "{7089C2C1-82C4-4ECE-8F07-4B2344744587}"
EndProject
Global
	GlobalSection(SolutionConfigurationPlatforms) = preSolution
		Debug|Any CPU = Debug|Any CPU
		Release|Any CPU = Release|Any CPU
	EndGlobalSection
	GlobalSection(ProjectConfigurationPlatforms) = postSolution
		{1CF63606-C751-4F0F-AF13-5B55E9C508CD}.Debug|Any CPU.ActiveCfg = Debug|Any CPU
		{1CF63606-C751-4F0F-AF13-5B55E9C508CD}.Debug|Any CPU.Build.0 = Debug|Any CPU
		{1CF63606-C751-4F0F-AF13-5B55E9C508CD}.Release|Any CPU.ActiveCfg = Release|Any CPU
		{1CF63606-C751-4F0F-AF13-5B55E9C508CD}.Release|Any CPU.Build.0 = Release|Any CPU
		{BD1AF2A3-F553-4460-8CBE-5CD7D57D35DB}.Debug|Any CPU.ActiveCfg = Debug|Any CPU
		{BD1AF2A3-F553-4460-8CBE-5CD7D57D35DB}.Debug|Any CPU.Build.0 = Debug|Any CPU
		{BD1AF2A3-F553-4460-8CBE-5CD7D57D35DB}.Release|Any CPU.ActiveCfg = Release|Any CPU
		{BD1AF2A3-F553-4460-8CBE-5CD7D57D35DB}.Release|Any CPU.Build.0 = Release|Any CPU
		{5F23B0D6-F2FD-47F5-B52D-5D533C5AE666}.Debug|Any CPU.ActiveCfg = Debug|Any CPU
		{5F23B0D6-F2FD-47F5-B52D-5D533C5AE666}.Debug|Any CPU.Build.0 = Debug|Any CPU
		{5F23B0D6-F2FD-47F5-B52D-5D533C5AE666}.Release|Any CPU.ActiveCfg = Release|Any CPU
		{5F23B0D6-F2FD-47F5-B52D-5D533C5AE666}.Release|Any CPU.Build.0 = Release|Any CPU
		{7089C2C1-82C4-4ECE-8F07-4B2344744587}.Debug|Any CPU.ActiveCfg = Debug|Any CPU
		{7089C2C1-82C4-4ECE-8F07-4B2344744587}.Debug|Any CPU.Build.0 = Debug|Any CPU
		{7089C2C1-82C4-4ECE-8F07-4B2344744587}.Release|Any CPU.ActiveCfg = Release|Any CPU
		{7089C2C1-82C4-4ECE-8F07-4B2344744587}.Release|Any CPU.Build.0 = Release|Any CPU
	EndGlobalSection
	GlobalSection(SolutionProperties) = preSolution
		HideSolutionNode = FALSE
	EndGlobalSection
	GlobalSection(NestedProjects) = preSolution
		{5F23B0D6-F2FD-47F5-B52D-5D533C5AE666} = {9C035D89-75E6-42BD-A1E5-09EF23993767}
	EndGlobalSection
	GlobalSection(ExtensibilityGlobals) = postSolution
		SolutionGuid = {AA1841F8-674F-48E9-BF54-35B054108092}
	EndGlobalSection
EndGlobal
